
Microsoft Visual Studio Solution File, Format Version 12.00
# Visual Studio 2012
Project("{FAE04EC0-301F-11D3-BF4B-00C04F79EFBC}") = "Easyui.Framework.Test", "Easyui.Framework.Test\Easyui.Framework.Test.csproj", "{2F09859E-3A8B-4955-B74B-1B3C68354ACC}"
EndProject
Global
	GlobalSection(SolutionConfigurationPlatforms) = preSolution
		Debug|Any CPU = Debug|Any CPU
		Release|Any CPU = Release|Any CPU
	EndGlobalSection
	GlobalSection(ProjectConfigurationPlatforms) = postSolution
		{2F09859E-3A8B-4955-B74B-1B3C68354ACC}.Debug|Any CPU.ActiveCfg = Debug|Any CPU
		{2F09859E-3A8B-4955-B74B-1B3C68354ACC}.Debug|Any CPU.Build.0 = Debug|Any CPU
		{2F09859E-3A8B-4955-B74B-1B3C68354ACC}.Release|Any CPU.ActiveCfg = Release|Any CPU
		{2F09859E-3A8B-4955-B74B-1B3C68354ACC}.Release|Any CPU.Build.0 = Release|Any CPU
	EndGlobalSection
	GlobalSection(SolutionProperties) = preSolution
		HideSolutionNode = FALSE
	EndGlobalSection
EndGlobal
